// !$*UTF8*$!
{
	archiveVersion = 1;
	classes = {
	};
	objectVersion = 46;
	objects = {

/* Begin PBXBuildFile section */
		9119AFDB1F4BE2DD007EABDF /* AppDelegate.swift in Sources */ = {isa = PBXBuildFile; fileRef = 9119AFDA1F4BE2DD007EABDF /* AppDelegate.swift */; };
		9119AFDD1F4BE2DD007EABDF /* ViewController.swift in Sources */ = {isa = PBXBuildFile; fileRef = 9119AFDC1F4BE2DD007EABDF /* ViewController.swift */; };
		9119AFE01F4BE2DD007EABDF /* Main.storyboard in Resources */ = {isa = PBXBuildFile; fileRef = 9119AFDE1F4BE2DD007EABDF /* Main.storyboard */; };
		9119AFE21F4BE2DD007EABDF /* Assets.xcassets in Resources */ = {isa = PBXBuildFile; fileRef = 9119AFE11F4BE2DD007EABDF /* Assets.xcassets */; };
		9119AFE51F4BE2DD007EABDF /* LaunchScreen.storyboard in Resources */ = {isa = PBXBuildFile; fileRef = 9119AFE31F4BE2DD007EABDF /* LaunchScreen.storyboard */; };
		9119AFED1F4BE37F007EABDF /* .gitignore in Resources */ = {isa = PBXBuildFile; fileRef = 9119AFEC1F4BE37F007EABDF /* .gitignore */; };
/* End PBXBuildFile section */

/* Begin PBXFileReference section */
		9119AFD71F4BE2DD007EABDF /* GitDemo.app */ = {isa = PBXFileReference; explicitFileType = wrapper.application; includeInIndex = 0; path = GitDemo.app; sourceTree = BUILT_PRODUCTS_DIR; };
		9119AFDA1F4BE2DD007EABDF /* AppDelegate.swift */ = {isa = PBXFileReference; lastKnownFileType = sourcecode.swift; path = AppDelegate.swift; sourceTree = "<group>"; };
		9119AFDC1F4BE2DD007EABDF /* ViewController.swift */ = {isa = PBXFileReference; lastKnownFileType = sourcecode.swift; path = ViewController.swift; sourceTree = "<group>"; };
		9119AFDF1F4BE2DD007EABDF /* Base */ = {isa = PBXFileReference; lastKnownFileType = file.storyboard; name = Base; path = Base.lproj/Main.storyboard; sourceTree = "<group>"; };
		9119AFE11F4BE2DD007EABDF /* Assets.xcassets */ = {isa = PBXFileReference; lastKnownFileType = folder.assetcatalog; path = Assets.xcassets; sourceTree = "<group>"; };
		9119AFE41F4BE2DD007EABDF /* Base */ = {isa = PBXFileReference; lastKnownFileType = file.storyboard; name = Base; path = Base.lproj/LaunchScreen.storyboard; sourceTree = "<group>"; };
		9119AFE61F4BE2DD007EABDF /* Info.plist */ = {isa = PBXFileReference; lastKnownFileType = text.plist.xml; path = Info.plist; sourceTree = "<group>"; };
		9119AFEC1F4BE37F007EABDF /* .gitignore */ = {isa = PBXFileReference; fileEncoding = 4; lastKnownFileType = text; path = .gitignore; sourceTree = "<group>"; };
/* End PBXFileReference section */

/* Begin PBXFrameworksBuildPhase section */
		9119AFD41F4BE2DD007EABDF /* Frameworks */ = {
			isa = PBXFrameworksBuildPhase;
			buildActionMask = 2147483647;
			files = (
			);
			runOnlyForDeploymentPostprocessing = 0;
		};
/* End PBXFrameworksBuildPhase section */

/* Begin PBXGroup section */
		9119AFCE1F4BE2DD007EABDF = {
			isa = PBXGroup;
			children = (
				9119AFD91F4BE2DD007EABDF /* GitDemo */,
				9119AFD81F4BE2DD007EABDF /* Products */,
			);
			sourceTree = "<group>";
		};
		9119AFD81F4BE2DD007EABDF /* Products */ = {
			isa = PBXGroup;
			children = (
				9119AFD71F4BE2DD007EABDF /* GitDemo.app */,
			);
			name = Products;
			sourceTree = "<group>";
		};
		9119AFD91F4BE2DD007EABDF /* GitDemo */ = {
			isa = PBXGroup;
			children = (
				9119AFDA1F4BE2DD007EABDF /* AppDelegate.swift */,
				9119AFDC1F4BE2DD007EABDF /* ViewController.swift */,
				9119AFEC1F4BE37F007EABDF /* .gitignore */,
				9119AFDE1F4BE2DD007EABDF /* Main.storyboard */,
				9119AFE11F4BE2DD007EABDF /* Assets.xcassets */,
				9119AFE31F4BE2DD007EABDF /* LaunchScreen.storyboard */,
				9119AFE61F4BE2DD007EABDF /* Info.plist */,
			);
			path = GitDemo;
			sourceTree = "<group>";
		};
/* End PBXGroup section */

/* Begin PBXNativeTarget section */
		9119AFD61F4BE2DD007EABDF /* GitDemo */ = {
			isa = PBXNativeTarget;
			buildConfigurationList = 9119AFE91F4BE2DD007EABDF /* Build configuration list for PBXNativeTarget "GitDemo" */;
			buildPhases = (
				9119AFD31F4BE2DD007EABDF /* Sources */,
				9119AFD41F4BE2DD007EABDF /* Frameworks */,
				9119AFD51F4BE2DD007EABDF /* Resources */,
			);
			buildRules = (
			);
			dependencies = (
			);
			name = GitDemo;
			productName = GitDemo;
			productReference = 9119AFD71F4BE2DD007EABDF /* GitDemo.app */;
			productType = "com.apple.product-type.application";
		};
/* End PBXNativeTarget section */

/* Begin PBXProject section */
		9119AFCF1F4BE2DD007EABDF /* Project object */ = {
			isa = PBXProject;
			attributes = {
				LastSwiftUpdateCheck = 0830;
				LastUpgradeCheck = 0830;
				ORGANIZATIONNAME = "Михаил Коновалов";
				TargetAttributes = {
					9119AFD61F4BE2DD007EABDF = {
						CreatedOnToolsVersion = 8.3.3;
						DevelopmentTeam = 954469TCYX;
						ProvisioningStyle = Automatic;
					};
				};
			};
			buildConfigurationList = 9119AFD21F4BE2DD007EABDF /* Build configuration list for PBXProject "GitDemo" */;
			compatibilityVersion = "Xcode 3.2";
			developmentRegion = English;
			hasScannedForEncodings = 0;
			knownRegions = (
				en,
				Base,
			);
			mainGroup = 9119AFCE1F4BE2DD007EABDF;
			productRefGroup = 9119AFD81F4BE2DD007EABDF /* Products */;
			projectDirPath = "";
			projectRoot = "";
			targets = (
				9119AFD61F4BE2DD007EABDF /* GitDemo */,
			);
		};
/* End PBXProject section */

/* Begin PBXResourcesBuildPhase section */
		9119AFD51F4BE2DD007EABDF /* Resources */ = {
			isa = PBXResourcesBuildPhase;
			buildActionMask = 2147483647;
			files = (
				9119AFED1F4BE37F007EABDF /* .gitignore in Resources */,
				9119AFE51F4BE2DD007EABDF /* LaunchScreen.storyboard in Resources */,
				9119AFE21F4BE2DD007EABDF /* Assets.xcassets in Resources */,
				9119AFE01F4BE2DD007EABDF /* Main.storyboard in Resources */,
			);
			runOnlyForDeploymentPostprocessing = 0;
		};
/* End PBXResourcesBuildPhase section */

/* Begin PBXSourcesBuildPhase section */
		9119AFD31F4BE2DD007EABDF /* Sources */ = {
			isa = PBXSourcesBuildPhase;
			buildActionMask = 2147483647;
			files = (
				9119AFDD1F4BE2DD007EABDF /* ViewController.swift in Sources */,
				9119AFDB1F4BE2DD007EABDF /* AppDelegate.swift in Sources */,
			);
			runOnlyForDeploymentPostprocessing = 0;
		};
/* End PBXSourcesBuildPhase section */

/* Begin PBXVariantGroup section */
		9119AFDE1F4BE2DD007EABDF /* Main.storyboard */ = {
			isa = PBXVariantGroup;
			children = (
				9119AFDF1F4BE2DD007EABDF /* Base */,
			);
			name = Main.storyboard;
			sourceTree = "<group>";
		};
		9119AFE31F4BE2DD007EABDF /* LaunchScreen.storyboard */ = {
			isa = PBXVariantGroup;
			children = (
				9119AFE41F4BE2DD007EABDF /* Base */,
			);
			name = LaunchScreen.storyboard;
			sourceTree = "<group>";
		};
/* End PBXVariantGroup section */

/* Begin XCBuildConfiguration section */
		9119AFE71F4BE2DD007EABDF /* Debug */ = {
			isa = XCBuildConfiguration;
			buildSettings = {
				ALWAYS_SEARCH_USER_PATHS = NO;
				CLANG_ANALYZER_NONNULL = YES;
				CLANG_ANALYZER_NUMBER_OBJECT_CONVERSION = YES_AGGRESSIVE;
				CLANG_CXX_LANGUAGE_STANDARD = "gnu++0x";
				CLANG_CXX_LIBRARY = "libc++";
				CLANG_ENABLE_MODULES = YES;
				CLANG_ENABLE_OBJC_ARC = YES;
				CLANG_WARN_BOOL_CONVERSION = YES;
				CLANG_WARN_CONSTANT_CONVERSION = YES;
				CLANG_WARN_DIRECT_OBJC_ISA_USAGE = YES_ERROR;
				CLANG_WARN_DOCUMENTATION_COMMENTS = YES;
				CLANG_WARN_EMPTY_BODY = YES;
				CLANG_WARN_ENUM_CONVERSION = YES;
				CLANG_WARN_INFINITE_RECURSION = YES;
				CLANG_WARN_INT_CONVERSION = YES;
				CLANG_WARN_OBJC_ROOT_CLASS = YES_ERROR;
				CLANG_WARN_SUSPICIOUS_MOVE = YES;
				CLANG_WARN_UNREACHABLE_CODE = YES;
				CLANG_WARN__DUPLICATE_METHOD_MATCH = YES;
				"CODE_SIGN_IDENTITY[sdk=iphoneos*]" = "iPhone Developer";
				COPY_PHASE_STRIP = NO;
				DEBUG_INFORMATION_FORMAT = dwarf;
				ENABLE_STRICT_OBJC_MSGSEND = YES;
				ENABLE_TESTABILITY = YES;
				GCC_C_LANGUAGE_STANDARD = gnu99;
				GCC_DYNAMIC_NO_PIC = NO;
				GCC_NO_COMMON_BLOCKS = YES;
				GCC_OPTIMIZATION_LEVEL = 0;
				GCC_PREPROCESSOR_DEFINITIONS = (
					"DEBUG=1",
					"$(inherited)",
				);
				GCC_WARN_64_TO_32_BIT_CONVERSION = YES;
				GCC_WARN_ABOUT_RETURN_TYPE = YES_ERROR;
				GCC_WARN_UNDECLARED_SELECTOR = YES;
				GCC_WARN_UNINITIALIZED_AUTOS = YES_AGGRESSIVE;
				GCC_WARN_UNUSED_FUNCTION = YES;
				GCC_WARN_UNUSED_VARIABLE = YES;
				IPHONEOS_DEPLOYMENT_TARGET = 10.3;
				MTL_ENABLE_DEBUG_INFO = YES;
				ONLY_ACTIVE_ARCH = YES;
				SDKROOT = iphoneos;
				SWIFT_ACTIVE_COMPILATION_CONDITIONS = DEBUG;
				SWIFT_OPTIMIZATION_LEVEL = "-Onone";
			};
			name = Debug;
		};
		9119AFE81F4BE2DD007EABDF /* Release */ = {
			isa = XCBuildConfiguration;
			buildSettings = {
				ALWAYS_SEARCH_USER_PATHS = NO;
				CLANG_ANALYZER_NONNULL = YES;
				CLANG_ANALYZER_NUMBER_OBJECT_CONVERSION = YES_AGGRESSIVE;
				CLANG_CXX_LANGUAGE_STANDARD = "gnu++0x";
				CLANG_CXX_LIBRARY = "libc++";
				CLANG_ENABLE_MODULES = YES;
				CLANG_ENABLE_OBJC_ARC = YES;
				CLANG_WARN_BOOL_CONVERSION = YES;
				CLANG_WARN_CONSTANT_CONVERSION = YES;
				CLANG_WARN_DIRECT_OBJC_ISA_USAGE = YES_ERROR;
				CLANG_WARN_DOCUMENTATION_COMMENTS = YES;
				CLANG_WARN_EMPTY_BODY = YES;
				CLANG_WARN_ENUM_CONVERSION = YES;
				CLANG_WARN_INFINITE_RECURSION = YES;
				CLANG_WARN_INT_CONVERSION = YES;
				CLANG_WARN_OBJC_ROOT_CLASS = YES_ERROR;
				CLANG_WARN_SUSPICIOUS_MOVE = YES;
				CLANG_WARN_UNREACHABLE_CODE = YES;
				CLANG_WARN__DUPLICATE_METHOD_MATCH = YES;
				"CODE_SIGN_IDENTITY[sdk=iphoneos*]" = "iPhone Developer";
				COPY_PHASE_STRIP = NO;
				DEBUG_INFORMATION_FORMAT = "dwarf-with-dsym";
				ENABLE_NS_ASSERTIONS = NO;
				ENABLE_STRICT_OBJC_MSGSEND = YES;
				GCC_C_LANGUAGE_STANDARD = gnu99;
				GCC_NO_COMMON_BLOCKS = YES;
				GCC_WARN_64_TO_32_BIT_CONVERSION = YES;
				GCC_WARN_ABOUT_RETURN_TYPE = YES_ERROR;
				GCC_WARN_UNDECLARED_SELECTOR = YES;
				GCC_WARN_UNINITIALIZED_AUTOS = YES_AGGRESSIVE;
				GCC_WARN_UNUSED_FUNCTION = YES;
				GCC_WARN_UNUSED_VARIABLE = YES;
				IPHONEOS_DEPLOYMENT_TARGET = 10.3;
				MTL_ENABLE_DEBUG_INFO = NO;
				SDKROOT = iphoneos;
				SWIFT_OPTIMIZATION_LEVEL = "-Owholemodule";
				VALIDATE_PRODUCT = YES;
			};
			name = Release;
		};
		9119AFEA1F4BE2DD007EABDF /* Debug */ = {
			isa = XCBuildConfiguration;
			buildSettings = {
				ASSETCATALOG_COMPILER_APPICON_NAME = AppIcon;
				DEVELOPMENT_TEAM = 954469TCYX;
				INFOPLIST_FILE = GitDemo/Info.plist;
				LD_RUNPATH_SEARCH_PATHS = "$(inherited) @executable_path/Frameworks";
				PRODUCT_BUNDLE_IDENTIFIER = net.uripsoft.GitDemo;
				PRODUCT_NAME = "$(TARGET_NAME)";
				SWIFT_VERSION = 3.0;
			};
			name = Debug;
		};
		9119AFEB1F4BE2DD007EABDF /* Release */ = {
			isa = XCBuildConfiguration;
			buildSettings = {
				ASSETCATALOG_COMPILER_APPICON_NAME = AppIcon;
				DEVELOPMENT_TEAM = 954469TCYX;
				INFOPLIST_FILE = GitDemo/Info.plist;
				LD_RUNPATH_SEARCH_PATHS = "$(inherited) @executable_path/Frameworks";
				PRODUCT_BUNDLE_IDENTIFIER = net.uripsoft.GitDemo;
				PRODUCT_NAME = "$(TARGET_NAME)";
				SWIFT_VERSION = 3.0;
			};
			name = Release;
		};
/* End XCBuildConfiguration section */

/* Begin XCConfigurationList section */
		9119AFD21F4BE2DD007EABDF /* Build configuration list for PBXProject "GitDemo" */ = {
			isa = XCConfigurationList;
			buildConfigurations = (
				9119AFE71F4BE2DD007EABDF /* Debug */,
				9119AFE81F4BE2DD007EABDF /* Release */,
			);
			defaultConfigurationIsVisible = 0;
			defaultConfigurationName = Release;
		};
		9119AFE91F4BE2DD007EABDF /* Build configuration list for PBXNativeTarget "GitDemo" */ = {
			isa = XCConfigurationList;
			buildConfigurations = (
				9119AFEA1F4BE2DD007EABDF /* Debug */,
				9119AFEB1F4BE2DD007EABDF /* Release */,
			);
			defaultConfigurationIsVisible = 0;
		};
/* End XCConfigurationList section */
	};
	rootObject = 9119AFCF1F4BE2DD007EABDF /* Project object */;
}
